{
  "name": "editor",
  "lockfileVersion": 3,
  "requires": true,
  "packages": {
    "": {
      "dependencies": {
        "js-ffmpeg": "^0.0.38"
      }
    },
    "node_modules/betajs": {
      "version": "1.0.245",
      "resolved": "https://registry.npmjs.org/betajs/-/betajs-1.0.245.tgz",
      "integrity": "sha512-3PXjhJ0sCTPMgeOizCFpA5mBVNNVN1RmbO6lPcRDoiwEAVWUZvp78w0KEO3VZonSH1rbdDMlzmQIr0nE9Nz0jA=="
    },
    "node_modules/betajs-scoped": {
      "version": "0.0.22",
      "resolved": "https://registry.npmjs.org/betajs-scoped/-/betajs-scoped-0.0.22.tgz",
      "integrity": "sha512-F4kZsAMNBJ47u51qdQPQwaXx7Q/62CywPbnBVAM2BdebSoeIsP9dZYZ9DOIUpBfQ+Zzs1NczStw5oLFqSE9kxQ=="
    },
    "node_modules/docker-polyfill": {
      "version": "0.0.10",
      "resolved": "https://registry.npmjs.org/docker-polyfill/-/docker-polyfill-0.0.10.tgz",
      "integrity": "sha512-z+jf5WxEOd636if8dVs5/3J1Z3VM5CAU6eZ4mazpO7D3lx9D5b/c6fcjDxdR35b4XYG6TyqJJ1uP9xzgVKnZIA==",
      "engines": {
        "node": ""
      }
    },
    "node_modules/js-ffmpeg": {
      "version": "0.0.38",
      "resolved": "https://registry.npmjs.org/js-ffmpeg/-/js-ffmpeg-0.0.38.tgz",
      "integrity": "sha512-kCU96HY2rSOYlYh+wwgR3PcaAO7TBbBDxXwMvWhtjORjLIo122cPRZyD5bqnhYDu84xkGbFdq3GmOeqV2HIa2w==",
      "dependencies": {
        "betajs": "~1.0.96",
        "betajs-scoped": "~0.0.13",
        "docker-polyfill": "~0.0.1",
        "node-getopt": "^0.3.2",
        "tmp": "0.0.33"
      },
      "engines": {
        "node": ""
      }
    },
    "node_modules/node-getopt": {
      "version": "0.3.2",
      "resolved": "https://registry.npmjs.org/node-getopt/-/node-getopt-0.3.2.tgz",
      "integrity": "sha512-yqkmYrMbK1wPrfz7mgeYvA4tBperLg9FQ4S3Sau3nSAkpOA0x0zC8nQ1siBwozy1f4SE8vq2n1WKv99r+PCa1Q==",
      "engines": {
        "node": ">= 0.6.0"
      }
    },
    "node_modules/os-tmpdir": {
      "version": "1.0.2",
      "resolved": "https://registry.npmjs.org/os-tmpdir/-/os-tmpdir-1.0.2.tgz",
      "integrity": "sha512-D2FR03Vir7FIu45XBY20mTb+/ZSWB00sjU9jdQXt83gDrI4Ztz5Fs7/yy74g2N5SVQY4xY1qDr4rNddwYRVX0g==",
      "engines": {
        "node": ">=0.10.0"
      }
    },
    "node_modules/tmp": {
      "version": "0.0.33",
      "resolved": "https://registry.npmjs.org/tmp/-/tmp-0.0.33.tgz",
      "integrity": "sha512-jRCJlojKnZ3addtTOjdIqoRuPEKBvNXcGYqzO6zWZX8KfKEpnGY5jfggJQ3EjKuu8D4bJRr0y+cYJFmYbImXGw==",
      "dependencies": {
        "os-tmpdir": "~1.0.2"
      },
      "engines": {
        "node": ">=0.6.0"
      }
    }
  }
}
